
Microsoft Visual Studio Solution File, Format Version 12.00
# Visual Studio Version 17
VisualStudioVersion = 17.1.32210.238
MinimumVisualStudioVersion = 10.0.40219.1
Project("{9A19103F-16F7-4668-BE54-9A1E7A4F7556}") = "HRMS.Core", "HRMS.Core\HRMS.Core.csproj", "{B59FBB1F-7CB5-454B-AD3E-A9DDBCABD362}"
EndProject
Project("{9A19103F-16F7-4668-BE54-9A1E7A4F7556}") = "HRMS.DBL", "HRMS.DBL\HRMS.DBL.csproj", "{792B64A4-EBFE-4101-A912-6E407A2431BD}"
EndProject
Project("{9A19103F-16F7-4668-BE54-9A1E7A4F7556}") = "HRMS.Services", "HRMS.Services\HRMS.Services.csproj", "{9B53C733-2199-4E97-ABD4-486B591D156F}"
EndProject
Project("{9A19103F-16F7-4668-BE54-9A1E7A4F7556}") = "HRMS.Api", "HRMS.Api\HRMS.Api.csproj", "{BA476F2A-844C-4A56-A845-82592019904A}"
EndProject
Project("{9A19103F-16F7-4668-BE54-9A1E7A4F7556}") = "HRMS.Resources", "HRMS.Resources\HRMS.Resources.csproj", "{087E887E-8E41-40E9-9EF9-C600596FB96F}"
EndProject
Global
	GlobalSection(SolutionConfigurationPlatforms) = preSolution
		Debug|Any CPU = Debug|Any CPU
		Release|Any CPU = Release|Any CPU
	EndGlobalSection
	GlobalSection(ProjectConfigurationPlatforms) = postSolution
		{B59FBB1F-7CB5-454B-AD3E-A9DDBCABD362}.Debug|Any CPU.ActiveCfg = Debug|Any CPU
		{B59FBB1F-7CB5-454B-AD3E-A9DDBCABD362}.Debug|Any CPU.Build.0 = Debug|Any CPU
		{B59FBB1F-7CB5-454B-AD3E-A9DDBCABD362}.Release|Any CPU.ActiveCfg = Release|Any CPU
		{B59FBB1F-7CB5-454B-AD3E-A9DDBCABD362}.Release|Any CPU.Build.0 = Release|Any CPU
		{792B64A4-EBFE-4101-A912-6E407A2431BD}.Debug|Any CPU.ActiveCfg = Debug|Any CPU
		{792B64A4-EBFE-4101-A912-6E407A2431BD}.Debug|Any CPU.Build.0 = Debug|Any CPU
		{792B64A4-EBFE-4101-A912-6E407A2431BD}.Release|Any CPU.ActiveCfg = Release|Any CPU
		{792B64A4-EBFE-4101-A912-6E407A2431BD}.Release|Any CPU.Build.0 = Release|Any CPU
		{9B53C733-2199-4E97-ABD4-486B591D156F}.Debug|Any CPU.ActiveCfg = Debug|Any CPU
		{9B53C733-2199-4E97-ABD4-486B591D156F}.Debug|Any CPU.Build.0 = Debug|Any CPU
		{9B53C733-2199-4E97-ABD4-486B591D156F}.Release|Any CPU.ActiveCfg = Release|Any CPU
		{9B53C733-2199-4E97-ABD4-486B591D156F}.Release|Any CPU.Build.0 = Release|Any CPU
		{BA476F2A-844C-4A56-A845-82592019904A}.Debug|Any CPU.ActiveCfg = Debug|Any CPU
		{BA476F2A-844C-4A56-A845-82592019904A}.Debug|Any CPU.Build.0 = Debug|Any CPU
		{BA476F2A-844C-4A56-A845-82592019904A}.Release|Any CPU.ActiveCfg = Release|Any CPU
		{BA476F2A-844C-4A56-A845-82592019904A}.Release|Any CPU.Build.0 = Release|Any CPU
		{087E887E-8E41-40E9-9EF9-C600596FB96F}.Debug|Any CPU.ActiveCfg = Debug|Any CPU
		{087E887E-8E41-40E9-9EF9-C600596FB96F}.Debug|Any CPU.Build.0 = Debug|Any CPU
		{087E887E-8E41-40E9-9EF9-C600596FB96F}.Release|Any CPU.ActiveCfg = Release|Any CPU
		{087E887E-8E41-40E9-9EF9-C600596FB96F}.Release|Any CPU.Build.0 = Release|Any CPU
	EndGlobalSection
	GlobalSection(SolutionProperties) = preSolution
		HideSolutionNode = FALSE
	EndGlobalSection
	GlobalSection(ExtensibilityGlobals) = postSolution
		SolutionGuid = {BC88E750-2017-4673-838C-859CBE9E75C9}
	EndGlobalSection
EndGlobal
